
Microsoft Visual Studio Solution File, Format Version 12.00
# Visual Studio Version 16
VisualStudioVersion = 16.0.30104.148
MinimumVisualStudioVersion = 10.0.40219.1
Project("{9A19103F-16F7-4668-BE54-9A1E7A4F7556}") = "AerovelenceMod", "AerovelenceMod.csproj", "{24BE568B-61DA-4064-B495-01E4789129E5}"
EndProject
Global
	GlobalSection(SolutionConfigurationPlatforms) = preSolution
		Debug|Any CPU = Debug|Any CPU
		Release|Any CPU = Release|Any CPU
	EndGlobalSection
	GlobalSection(ProjectConfigurationPlatforms) = postSolution
		{24BE568B-61DA-4064-B495-01E4789129E5}.Debug|Any CPU.ActiveCfg = Debug|Any CPU
		{24BE568B-61DA-4064-B495-01E4789129E5}.Debug|Any CPU.Build.0 = Debug|Any CPU
		{24BE568B-61DA-4064-B495-01E4789129E5}.Release|Any CPU.ActiveCfg = Release|Any CPU
		{24BE568B-61DA-4064-B495-01E4789129E5}.Release|Any CPU.Build.0 = Release|Any CPU
	EndGlobalSection
	GlobalSection(SolutionProperties) = preSolution
		HideSolutionNode = FALSE
	EndGlobalSection
	GlobalSection(ExtensibilityGlobals) = postSolution
		SolutionGuid = {81A63671-A84E-487D-9AFF-107A1B199C52}
	EndGlobalSection
EndGlobal
